{
    "_meta": {
        "hash": {
            "sha256": "8cada9f49b42dbb4c96778486f415630e1e29b93b760252c0a4b92bd638766e7"
        },
        "pipfile-spec": 6,
        "requires": {
            "python_version": "3.14"
        },
        "sources": [
            {
                "name": "pypi",
                "url": "https://pypi.org/simple",
                "verify_ssl": true
            }
        ]
    },
    "default": {
        "py4j": {
            "hashes": [
                "sha256:c7c26e4158defb37b0bb124933163641a2ff6e3a3913f7811b0ddbe07ed61533",
                "sha256:f694cad19efa5bd1dee4f3e5270eb406613c974394035e5bfc4ec1aba870b879"
            ],
            "version": "==0.10.9.9"
        },
        "pyspark": {
            "hashes": [
                "sha256:77f78984aa84fbe865c717dd37b49913b4e5c97d76ef6824f932f1aefa6621ec"
            ],
            "index": "pypi",
            "markers": "python_version >= '3.10'",
            "version": "==4.1.1"
        }
    },
    "develop": {}
}
